# This file is generated by running "yarn install" inside your project.
# Manual changes might be lost - proceed with caution!

__metadata:
  version: 4

"gatsby-plugin-emotion-css@workspace:.":
  version: 0.0.0-use.local
  resolution: "gatsby-plugin-emotion-css@workspace:."
  languageName: unknown
  linkType: soft
